
Microsoft Visual Studio Solution File, Format Version 12.00
# Visual Studio Version 17
VisualStudioVersion = 17.8.34316.72
MinimumVisualStudioVersion = 10.0.40219.1
Project("{FAE04EC0-301F-11D3-BF4B-00C04F79EFBC}") = "GiftsApp", "GiftsApp.csproj", "{D80A5176-DD4B-4E83-9A16-FCEE51087F8E}"
EndProject
Global
	GlobalSection(SolutionConfigurationPlatforms) = preSolution
		Debug|Any CPU = Debug|Any CPU
		Release|Any CPU = Release|Any CPU
	EndGlobalSection
	GlobalSection(ProjectConfigurationPlatforms) = postSolution
		{D80A5176-DD4B-4E83-9A16-FCEE51087F8E}.Debug|Any CPU.ActiveCfg = Debug|Any CPU
		{D80A5176-DD4B-4E83-9A16-FCEE51087F8E}.Debug|Any CPU.Build.0 = Debug|Any CPU
		{D80A5176-DD4B-4E83-9A16-FCEE51087F8E}.Release|Any CPU.ActiveCfg = Release|Any CPU
		{D80A5176-DD4B-4E83-9A16-FCEE51087F8E}.Release|Any CPU.Build.0 = Release|Any CPU
	EndGlobalSection
	GlobalSection(SolutionProperties) = preSolution
		HideSolutionNode = FALSE
	EndGlobalSection
	GlobalSection(ExtensibilityGlobals) = postSolution
		SolutionGuid = {97F8AED7-5197-48C3-A764-D2C9BE3AFCAE}
	EndGlobalSection
EndGlobal
